// !$*UTF8*$!
{
	archiveVersion = 1;
	classes = {
	};
	objectVersion = 56;
	objects = {

/* Begin PBXBuildFile section */
		1A0001010000000000000001 /* ModernToDoAppApp.swift in Sources */ = {isa = PBXBuildFile; fileRef = 1A0001000000000000000001 /* ModernToDoAppApp.swift */; };
		1A0001030000000000000001 /* ContentView.swift in Sources */ = {isa = PBXBuildFile; fileRef = 1A0001020000000000000001 /* ContentView.swift */; };
		1A0001050000000000000001 /* Assets.xcassets in Resources */ = {isa = PBXBuildFile; fileRef = 1A0001040000000000000001 /* Assets.xcassets */; };
		1A0001080000000000000001 /* Preview Assets.xcassets in Resources */ = {isa = PBXBuildFile; fileRef = 1A0001070000000000000001 /* Preview Assets.xcassets */; };
		1A000110000000000000001 /* CoreDataStack.swift in Sources */ = {isa = PBXBuildFile; fileRef = 1A00010F000000000000001 /* CoreDataStack.swift */; };
		1A000113000000000000001 /* TaskModel.xcdatamodeld in Sources */ = {isa = PBXBuildFile; fileRef = 1A000111000000000000001 /* TaskModel.xcdatamodeld */; };
		1A000117000000000000001 /* TaskDetailView.swift in Sources */ = {isa = PBXBuildFile; fileRef = 1A000120000000000000001 /* TaskDetailView.swift */; };
		1A000119000000000000001 /* CategoryDetailView.swift in Sources */ = {isa = PBXBuildFile; fileRef = 1A000121000000000000001 /* CategoryDetailView.swift */; };
		1A00011B000000000000001 /* TaskPriority.swift in Sources */ = {isa = PBXBuildFile; fileRef = 1A000122000000000000001 /* TaskPriority.swift */; };
		1A00011D000000000000001 /* Color+Extensions.swift in Sources */ = {isa = PBXBuildFile; fileRef = 1A000123000000000000001 /* Color+Extensions.swift */; };
		1A00011F000000000000001 /* Task+Extensions.swift in Sources */ = {isa = PBXBuildFile; fileRef = 1A000127000000000000001 /* Task+Extensions.swift */; };
		1A00012A000000000000001 /* TaskCategory+Extensions.swift in Sources */ = {isa = PBXBuildFile; fileRef = 1A000128000000000000001 /* TaskCategory+Extensions.swift */; };
		1A00012B000000000000001 /* NotificationManager.swift in Sources */ = {isa = PBXBuildFile; fileRef = 1A00012D000000000000001 /* NotificationManager.swift */; };
		6E57FA272E0F2A2500B6364B /* AnimatedCheckbox.swift in Sources */ = {isa = PBXBuildFile; fileRef = 6E57FA262E0F2A2500B6364B /* AnimatedCheckbox.swift */; };
		6E57FA292E0F2AF000B6364B /* PriorityIndicatorView.swift in Sources */ = {isa = PBXBuildFile; fileRef = 6E57FA282E0F2AF000B6364B /* PriorityIndicatorView.swift */; };
		6E57FA2B2E0F302300B6364B /* FloatingActionButton.swift in Sources */ = {isa = PBXBuildFile; fileRef = 6E57FA2A2E0F302300B6364B /* FloatingActionButton.swift */; };
		6E57FA2D2E0F317000B6364B /* CustomDatePickerField.swift in Sources */ = {isa = PBXBuildFile; fileRef = 6E57FA2C2E0F317000B6364B /* CustomDatePickerField.swift */; };
		6E57FA2F2E0F357F00B6364B /* ProductivityChartView.swift in Sources */ = {isa = PBXBuildFile; fileRef = 6E57FA2E2E0F357F00B6364B /* ProductivityChartView.swift */; };
		6E6E0E7D2E131BE700C459DD /* Localizable.strings in Resources */ = {isa = PBXBuildFile; fileRef = 6E6E0E7B2E131BE700C459DD /* Localizable.strings */; };
		6E6E0E812E131C0700C459DD /* Localizable.strings in Resources */ = {isa = PBXBuildFile; fileRef = 6E6E0E7F2E131C0700C459DD /* Localizable.strings */; };
		6E6E0E832E131DD300C459DD /* LanguageManager.swift in Sources */ = {isa = PBXBuildFile; fileRef = 6E6E0E822E131DD300C459DD /* LanguageManager.swift */; };
		6E6E0E852E14516D00C459DD /* OptimizedTaskListView.swift in Sources */ = {isa = PBXBuildFile; fileRef = 6E6E0E842E14516D00C459DD /* OptimizedTaskListView.swift */; };
		6E6E0E872E14517700C459DD /* PerformanceAnalytics.swift in Sources */ = {isa = PBXBuildFile; fileRef = 6E6E0E862E14517700C459DD /* PerformanceAnalytics.swift */; };
		6E6E0E892E14517F00C459DD /* AdvancedOptimizations.swift in Sources */ = {isa = PBXBuildFile; fileRef = 6E6E0E882E14517F00C459DD /* AdvancedOptimizations.swift */; };
		6E6E0E8B2E14518600C459DD /* PaginatedTaskRepository.swift in Sources */ = {isa = PBXBuildFile; fileRef = 6E6E0E8A2E14518600C459DD /* PaginatedTaskRepository.swift */; };
		6E6E0E8D2E14518C00C459DD /* PerformanceOptimizedCoreDataStack.swift in Sources */ = {isa = PBXBuildFile; fileRef = 6E6E0E8C2E14518C00C459DD /* PerformanceOptimizedCoreDataStack.swift */; };
/* End PBXBuildFile section */

/* Begin PBXFileReference section */
		1A0000FD0000000000000001 /* ModernToDoApp.app */ = {isa = PBXFileReference; explicitFileType = wrapper.application; includeInIndex = 0; path = ModernToDoApp.app; sourceTree = BUILT_PRODUCTS_DIR; };
		1A0001000000000000000001 /* ModernToDoAppApp.swift */ = {isa = PBXFileReference; lastKnownFileType = sourcecode.swift; path = ModernToDoAppApp.swift; sourceTree = "<group>"; };
		1A0001020000000000000001 /* ContentView.swift */ = {isa = PBXFileReference; lastKnownFileType = sourcecode.swift; path = ContentView.swift; sourceTree = "<group>"; };
		1A0001040000000000000001 /* Assets.xcassets */ = {isa = PBXFileReference; lastKnownFileType = folder.assetcatalog; path = Assets.xcassets; sourceTree = "<group>"; };
		1A0001070000000000000001 /* Preview Assets.xcassets */ = {isa = PBXFileReference; lastKnownFileType = folder.assetcatalog; path = "Preview Assets.xcassets"; sourceTree = "<group>"; };
		1A00010F000000000000001 /* CoreDataStack.swift */ = {isa = PBXFileReference; lastKnownFileType = sourcecode.swift; path = CoreDataStack.swift; sourceTree = "<group>"; };
		1A000112000000000000001 /* TaskModel.xcdatamodel */ = {isa = PBXFileReference; lastKnownFileType = wrapper.xcdatamodel; path = TaskModel.xcdatamodel; sourceTree = "<group>"; };
		1A000120000000000000001 /* TaskDetailView.swift */ = {isa = PBXFileReference; lastKnownFileType = sourcecode.swift; path = TaskDetailView.swift; sourceTree = "<group>"; };
		1A000121000000000000001 /* CategoryDetailView.swift */ = {isa = PBXFileReference; lastKnownFileType = sourcecode.swift; path = CategoryDetailView.swift; sourceTree = "<group>"; };
		1A000122000000000000001 /* TaskPriority.swift */ = {isa = PBXFileReference; lastKnownFileType = sourcecode.swift; path = TaskPriority.swift; sourceTree = "<group>"; };
		1A000123000000000000001 /* Color+Extensions.swift */ = {isa = PBXFileReference; lastKnownFileType = sourcecode.swift; path = "Color+Extensions.swift"; sourceTree = "<group>"; };
		1A000127000000000000001 /* Task+Extensions.swift */ = {isa = PBXFileReference; lastKnownFileType = sourcecode.swift; path = "Task+Extensions.swift"; sourceTree = "<group>"; };
		1A000128000000000000001 /* TaskCategory+Extensions.swift */ = {isa = PBXFileReference; lastKnownFileType = sourcecode.swift; path = "TaskCategory+Extensions.swift"; sourceTree = "<group>"; };
		1A00012D000000000000001 /* NotificationManager.swift */ = {isa = PBXFileReference; lastKnownFileType = sourcecode.swift; path = NotificationManager.swift; sourceTree = "<group>"; };
		6E57FA262E0F2A2500B6364B /* AnimatedCheckbox.swift */ = {isa = PBXFileReference; lastKnownFileType = sourcecode.swift; path = AnimatedCheckbox.swift; sourceTree = "<group>"; };
		6E57FA282E0F2AF000B6364B /* PriorityIndicatorView.swift */ = {isa = PBXFileReference; lastKnownFileType = sourcecode.swift; path = PriorityIndicatorView.swift; sourceTree = "<group>"; };
		6E57FA2A2E0F302300B6364B /* FloatingActionButton.swift */ = {isa = PBXFileReference; lastKnownFileType = sourcecode.swift; path = FloatingActionButton.swift; sourceTree = "<group>"; };
		6E57FA2C2E0F317000B6364B /* CustomDatePickerField.swift */ = {isa = PBXFileReference; lastKnownFileType = sourcecode.swift; path = CustomDatePickerField.swift; sourceTree = "<group>"; };
		6E57FA2E2E0F357F00B6364B /* ProductivityChartView.swift */ = {isa = PBXFileReference; lastKnownFileType = sourcecode.swift; path = ProductivityChartView.swift; sourceTree = "<group>"; };
		6E6E0E7A2E131BE700C459DD /* tr */ = {isa = PBXFileReference; lastKnownFileType = text.plist.strings; name = tr; path = Localizable.strings; sourceTree = "<group>"; };
		6E6E0E7E2E131C0700C459DD /* en */ = {isa = PBXFileReference; lastKnownFileType = text.plist.strings; name = en; path = Localizable.strings; sourceTree = "<group>"; };
		6E6E0E822E131DD300C459DD /* LanguageManager.swift */ = {isa = PBXFileReference; lastKnownFileType = sourcecode.swift; path = LanguageManager.swift; sourceTree = "<group>"; };
		6E6E0E842E14516D00C459DD /* OptimizedTaskListView.swift */ = {isa = PBXFileReference; lastKnownFileType = sourcecode.swift; path = OptimizedTaskListView.swift; sourceTree = "<group>"; };
		6E6E0E862E14517700C459DD /* PerformanceAnalytics.swift */ = {isa = PBXFileReference; lastKnownFileType = sourcecode.swift; path = PerformanceAnalytics.swift; sourceTree = "<group>"; };
		6E6E0E882E14517F00C459DD /* AdvancedOptimizations.swift */ = {isa = PBXFileReference; lastKnownFileType = sourcecode.swift; path = AdvancedOptimizations.swift; sourceTree = "<group>"; };
		6E6E0E8A2E14518600C459DD /* PaginatedTaskRepository.swift */ = {isa = PBXFileReference; lastKnownFileType = sourcecode.swift; path = PaginatedTaskRepository.swift; sourceTree = "<group>"; };
		6E6E0E8C2E14518C00C459DD /* PerformanceOptimizedCoreDataStack.swift */ = {isa = PBXFileReference; lastKnownFileType = sourcecode.swift; path = PerformanceOptimizedCoreDataStack.swift; sourceTree = "<group>"; };
/* End PBXFileReference section */

/* Begin PBXFrameworksBuildPhase section */
		1A0000FA0000000000000001 /* Frameworks */ = {
			isa = PBXFrameworksBuildPhase;
			buildActionMask = 2147483647;
			files = (
			);
			runOnlyForDeploymentPostprocessing = 0;
		};
/* End PBXFrameworksBuildPhase section */

/* Begin PBXGroup section */
		1A0000F40000000000000001 = {
			isa = PBXGroup;
			children = (
				1A0000FF0000000000000001 /* ModernToDoApp */,
				1A0000FE0000000000000001 /* Products */,
			);
			sourceTree = "<group>";
		};
		1A0000FE0000000000000001 /* Products */ = {
			isa = PBXGroup;
			children = (
				1A0000FD0000000000000001 /* ModernToDoApp.app */,
			);
			name = Products;
			sourceTree = "<group>";
		};
		1A0000FF0000000000000001 /* ModernToDoApp */ = {
			isa = PBXGroup;
			children = (
				6E6E0E802E131C0700C459DD /* en.lproj */,
				6E6E0E7C2E131BE700C459DD /* tr.lproj */,
				1A0001000000000000000001 /* ModernToDoAppApp.swift */,
				1A000114000000000000001 /* Core */,
				1A000115000000000000001 /* Features */,
				1A000124000000000000001 /* Views */,
				1A000125000000000000001 /* Enums */,
				1A000126000000000000001 /* Extensions */,
				1A000116000000000000001 /* Shared */,
				1A0001040000000000000001 /* Assets.xcassets */,
				1A0001060000000000000001 /* Preview Content */,
			);
			path = ModernToDoApp;
			sourceTree = "<group>";
		};
		1A0001060000000000000001 /* Preview Content */ = {
			isa = PBXGroup;
			children = (
				1A0001070000000000000001 /* Preview Assets.xcassets */,
			);
			path = "Preview Content";
			sourceTree = "<group>";
		};
		1A000114000000000000001 /* Core */ = {
			isa = PBXGroup;
			children = (
				1A00010F000000000000001 /* CoreDataStack.swift */,
				1A000111000000000000001 /* TaskModel.xcdatamodeld */,
				1A000129000000000000001 /* Models */,
				1A00012C000000000000001 /* Services */,
			);
			path = Core;
			sourceTree = "<group>";
		};
		1A000115000000000000001 /* Features */ = {
			isa = PBXGroup;
			children = (
				6E6E0E842E14516D00C459DD /* OptimizedTaskListView.swift */,
				6E57FA2E2E0F357F00B6364B /* ProductivityChartView.swift */,
				6E57FA2C2E0F317000B6364B /* CustomDatePickerField.swift */,
				6E57FA2A2E0F302300B6364B /* FloatingActionButton.swift */,
				6E57FA282E0F2AF000B6364B /* PriorityIndicatorView.swift */,
				6E57FA262E0F2A2500B6364B /* AnimatedCheckbox.swift */,
				1A0001020000000000000001 /* ContentView.swift */,
			);
			path = Features;
			sourceTree = "<group>";
		};
		1A000116000000000000001 /* Shared */ = {
			isa = PBXGroup;
			children = (
			);
			path = Shared;
			sourceTree = "<group>";
		};
		1A000124000000000000001 /* Views */ = {
			isa = PBXGroup;
			children = (
				1A000120000000000000001 /* TaskDetailView.swift */,
				1A000121000000000000001 /* CategoryDetailView.swift */,
			);
			path = Views;
			sourceTree = "<group>";
		};
		1A000125000000000000001 /* Enums */ = {
			isa = PBXGroup;
			children = (
				1A000122000000000000001 /* TaskPriority.swift */,
			);
			path = Enums;
			sourceTree = "<group>";
		};
		1A000126000000000000001 /* Extensions */ = {
			isa = PBXGroup;
			children = (
				1A000123000000000000001 /* Color+Extensions.swift */,
			);
			path = Extensions;
			sourceTree = "<group>";
		};
		1A000129000000000000001 /* Models */ = {
			isa = PBXGroup;
			children = (
				1A000127000000000000001 /* Task+Extensions.swift */,
				1A000128000000000000001 /* TaskCategory+Extensions.swift */,
			);
			path = Models;
			sourceTree = "<group>";
		};
		1A00012C000000000000001 /* Services */ = {
			isa = PBXGroup;
			children = (
				6E6E0E8C2E14518C00C459DD /* PerformanceOptimizedCoreDataStack.swift */,
				6E6E0E8A2E14518600C459DD /* PaginatedTaskRepository.swift */,
				6E6E0E882E14517F00C459DD /* AdvancedOptimizations.swift */,
				6E6E0E862E14517700C459DD /* PerformanceAnalytics.swift */,
				6E6E0E822E131DD300C459DD /* LanguageManager.swift */,
				1A00012D000000000000001 /* NotificationManager.swift */,
			);
			path = Services;
			sourceTree = "<group>";
		};
		6E6E0E7C2E131BE700C459DD /* tr.lproj */ = {
			isa = PBXGroup;
			children = (
				6E6E0E7B2E131BE700C459DD /* Localizable.strings */,
			);
			path = tr.lproj;
			sourceTree = "<group>";
		};
		6E6E0E802E131C0700C459DD /* en.lproj */ = {
			isa = PBXGroup;
			children = (
				6E6E0E7F2E131C0700C459DD /* Localizable.strings */,
			);
			path = en.lproj;
			sourceTree = "<group>";
		};
/* End PBXGroup section */

/* Begin PBXNativeTarget section */
		1A0000FC0000000000000001 /* ModernToDoApp */ = {
			isa = PBXNativeTarget;
			buildConfigurationList = 1A00010B0000000000000001 /* Build configuration list for PBXNativeTarget "ModernToDoApp" */;
			buildPhases = (
				1A0000F90000000000000001 /* Sources */,
				1A0000FA0000000000000001 /* Frameworks */,
				1A0000FB0000000000000001 /* Resources */,
			);
			buildRules = (
			);
			dependencies = (
			);
			name = ModernToDoApp;
			productName = ModernToDoApp;
			productReference = 1A0000FD0000000000000001 /* ModernToDoApp.app */;
			productType = "com.apple.product-type.application";
		};
/* End PBXNativeTarget section */

/* Begin PBXProject section */
		1A0000F50000000000000001 /* Project object */ = {
			isa = PBXProject;
			attributes = {
				BuildIndependentTargetsInParallel = 1;
				LastSwiftUpdateCheck = 1500;
				LastUpgradeCheck = 1500;
				TargetAttributes = {
					1A0000FC0000000000000001 = {
						CreatedOnToolsVersion = 15.0;
					};
				};
			};
			buildConfigurationList = 1A0000F80000000000000001 /* Build configuration list for PBXProject "ModernToDoApp" */;
			compatibilityVersion = "Xcode 14.0";
			developmentRegion = en;
			hasScannedForEncodings = 0;
			knownRegions = (
				en,
				Base,
				tr,
			);
			mainGroup = 1A0000F40000000000000001;
			productRefGroup = 1A0000FE0000000000000001 /* Products */;
			projectDirPath = "";
			projectRoot = "";
			targets = (
				1A0000FC0000000000000001 /* ModernToDoApp */,
			);
		};
/* End PBXProject section */

/* Begin PBXResourcesBuildPhase section */
		1A0000FB0000000000000001 /* Resources */ = {
			isa = PBXResourcesBuildPhase;
			buildActionMask = 2147483647;
			files = (
				1A0001080000000000000001 /* Preview Assets.xcassets in Resources */,
				6E6E0E812E131C0700C459DD /* Localizable.strings in Resources */,
				6E6E0E7D2E131BE700C459DD /* Localizable.strings in Resources */,
				1A0001050000000000000001 /* Assets.xcassets in Resources */,
			);
			runOnlyForDeploymentPostprocessing = 0;
		};
/* End PBXResourcesBuildPhase section */

/* Begin PBXSourcesBuildPhase section */
		1A0000F90000000000000001 /* Sources */ = {
			isa = PBXSourcesBuildPhase;
			buildActionMask = 2147483647;
			files = (
				1A000113000000000000001 /* TaskModel.xcdatamodeld in Sources */,
				1A0001030000000000000001 /* ContentView.swift in Sources */,
				1A0001010000000000000001 /* ModernToDoAppApp.swift in Sources */,
				6E6E0E8B2E14518600C459DD /* PaginatedTaskRepository.swift in Sources */,
				6E6E0E8D2E14518C00C459DD /* PerformanceOptimizedCoreDataStack.swift in Sources */,
				6E57FA272E0F2A2500B6364B /* AnimatedCheckbox.swift in Sources */,
				1A000110000000000000001 /* CoreDataStack.swift in Sources */,
				1A000117000000000000001 /* TaskDetailView.swift in Sources */,
				6E6E0E892E14517F00C459DD /* AdvancedOptimizations.swift in Sources */,
				1A000119000000000000001 /* CategoryDetailView.swift in Sources */,
				6E57FA2D2E0F317000B6364B /* CustomDatePickerField.swift in Sources */,
				1A00011B000000000000001 /* TaskPriority.swift in Sources */,
				6E57FA2F2E0F357F00B6364B /* ProductivityChartView.swift in Sources */,
				1A00011D000000000000001 /* Color+Extensions.swift in Sources */,
				6E57FA2B2E0F302300B6364B /* FloatingActionButton.swift in Sources */,
				6E6E0E872E14517700C459DD /* PerformanceAnalytics.swift in Sources */,
				1A00011F000000000000001 /* Task+Extensions.swift in Sources */,
				6E6E0E852E14516D00C459DD /* OptimizedTaskListView.swift in Sources */,
				1A00012A000000000000001 /* TaskCategory+Extensions.swift in Sources */,
				1A00012B000000000000001 /* NotificationManager.swift in Sources */,
				6E6E0E832E131DD300C459DD /* LanguageManager.swift in Sources */,
				6E57FA292E0F2AF000B6364B /* PriorityIndicatorView.swift in Sources */,
			);
			runOnlyForDeploymentPostprocessing = 0;
		};
/* End PBXSourcesBuildPhase section */

/* Begin PBXVariantGroup section */
		6E6E0E7B2E131BE700C459DD /* Localizable.strings */ = {
			isa = PBXVariantGroup;
			children = (
				6E6E0E7A2E131BE700C459DD /* tr */,
			);
			name = Localizable.strings;
			sourceTree = "<group>";
		};
		6E6E0E7F2E131C0700C459DD /* Localizable.strings */ = {
			isa = PBXVariantGroup;
			children = (
				6E6E0E7E2E131C0700C459DD /* en */,
			);
			name = Localizable.strings;
			sourceTree = "<group>";
		};
/* End PBXVariantGroup section */

/* Begin XCBuildConfiguration section */
		1A0001090000000000000001 /* Debug */ = {
			isa = XCBuildConfiguration;
			buildSettings = {
				ALWAYS_SEARCH_USER_PATHS = NO;
				ASSETCATALOG_COMPILER_GENERATE_SWIFT_ASSET_SYMBOL_EXTENSIONS = YES;
				CLANG_ANALYZER_NONNULL = YES;
				CLANG_ANALYZER_NUMBER_OBJECT_CONVERSION = YES_AGGRESSIVE;
				CLANG_CXX_LANGUAGE_STANDARD = "gnu++20";
				CLANG_ENABLE_MODULES = YES;
				CLANG_ENABLE_OBJC_ARC = YES;
				CLANG_ENABLE_OBJC_WEAK = YES;
				CLANG_WARN_BLOCK_CAPTURE_AUTORELEASING = YES;
				CLANG_WARN_BOOL_CONVERSION = YES;
				CLANG_WARN_COMMA = YES;
				CLANG_WARN_CONSTANT_CONVERSION = YES;
				CLANG_WARN_DEPRECATED_OBJC_IMPLEMENTATIONS = YES;
				CLANG_WARN_DIRECT_OBJC_ISA_USAGE = YES_ERROR;
				CLANG_WARN_DOCUMENTATION_COMMENTS = YES;
				CLANG_WARN_EMPTY_BODY = YES;
				CLANG_WARN_ENUM_CONVERSION = YES;
				CLANG_WARN_INFINITE_RECURSION = YES;
				CLANG_WARN_INT_CONVERSION = YES;
				CLANG_WARN_NON_LITERAL_NULL_CONVERSION = YES;
				CLANG_WARN_OBJC_IMPLICIT_RETAIN_SELF = YES;
				CLANG_WARN_OBJC_LITERAL_CONVERSION = YES;
				CLANG_WARN_OBJC_ROOT_CLASS = YES_ERROR;
				CLANG_WARN_QUOTED_INCLUDE_IN_FRAMEWORK_HEADER = YES;
				CLANG_WARN_RANGE_LOOP_ANALYSIS = YES;
				CLANG_WARN_STRICT_PROTOTYPES = YES;
				CLANG_WARN_SUSPICIOUS_MOVE = YES;
				CLANG_WARN_UNGUARDED_AVAILABILITY = YES_AGGRESSIVE;
				CLANG_WARN_UNREACHABLE_CODE = YES;
				CLANG_WARN__DUPLICATE_METHOD_MATCH = YES;
				COPY_PHASE_STRIP = NO;
				DEBUG_INFORMATION_FORMAT = dwarf;
				ENABLE_STRICT_OBJC_MSGSEND = YES;
				ENABLE_TESTABILITY = YES;
				ENABLE_USER_SCRIPT_SANDBOXING = YES;
				GCC_C_LANGUAGE_STANDARD = gnu17;
				GCC_DYNAMIC_NO_PIC = NO;
				GCC_NO_COMMON_BLOCKS = YES;
				GCC_OPTIMIZATION_LEVEL = 0;
				GCC_PREPROCESSOR_DEFINITIONS = (
					"DEBUG=1",
					"$(inherited)",
				);
				GCC_WARN_64_TO_32_BIT_CONVERSION = YES;
				GCC_WARN_ABOUT_RETURN_TYPE = YES_ERROR;
				GCC_WARN_UNDECLARED_SELECTOR = YES;
				GCC_WARN_UNINITIALIZED_AUTOS = YES_AGGRESSIVE;
				GCC_WARN_UNUSED_FUNCTION = YES;
				GCC_WARN_UNUSED_VARIABLE = YES;
				IPHONEOS_DEPLOYMENT_TARGET = 15.0;
				LOCALIZATION_PREFERS_STRING_CATALOGS = YES;
				MTL_ENABLE_DEBUG_INFO = INCLUDE_SOURCE;
				MTL_FAST_MATH = YES;
				ONLY_ACTIVE_ARCH = YES;
				SDKROOT = iphoneos;
				SWIFT_ACTIVE_COMPILATION_CONDITIONS = "DEBUG $(inherited)";
				SWIFT_OPTIMIZATION_LEVEL = "-Onone";
			};
			name = Debug;
		};
		1A00010A0000000000000001 /* Release */ = {
			isa = XCBuildConfiguration;
			buildSettings = {
				ALWAYS_SEARCH_USER_PATHS = NO;
				ASSETCATALOG_COMPILER_GENERATE_SWIFT_ASSET_SYMBOL_EXTENSIONS = YES;
				CLANG_ANALYZER_NONNULL = YES;
				CLANG_ANALYZER_NUMBER_OBJECT_CONVERSION = YES_AGGRESSIVE;
				CLANG_CXX_LANGUAGE_STANDARD = "gnu++20";
				CLANG_ENABLE_MODULES = YES;
				CLANG_ENABLE_OBJC_ARC = YES;
				CLANG_ENABLE_OBJC_WEAK = YES;
				CLANG_WARN_BLOCK_CAPTURE_AUTORELEASING = YES;
				CLANG_WARN_BOOL_CONVERSION = YES;
				CLANG_WARN_COMMA = YES;
				CLANG_WARN_CONSTANT_CONVERSION = YES;
				CLANG_WARN_DEPRECATED_OBJC_IMPLEMENTATIONS = YES;
				CLANG_WARN_DIRECT_OBJC_ISA_USAGE = YES_ERROR;
				CLANG_WARN_DOCUMENTATION_COMMENTS = YES;
				CLANG_WARN_EMPTY_BODY = YES;
				CLANG_WARN_ENUM_CONVERSION = YES;
				CLANG_WARN_INFINITE_RECURSION = YES;
				CLANG_WARN_INT_CONVERSION = YES;
				CLANG_WARN_NON_LITERAL_NULL_CONVERSION = YES;
				CLANG_WARN_OBJC_IMPLICIT_RETAIN_SELF = YES;
				CLANG_WARN_OBJC_LITERAL_CONVERSION = YES;
				CLANG_WARN_OBJC_ROOT_CLASS = YES_ERROR;
				CLANG_WARN_QUOTED_INCLUDE_IN_FRAMEWORK_HEADER = YES;
				CLANG_WARN_RANGE_LOOP_ANALYSIS = YES;
				CLANG_WARN_STRICT_PROTOTYPES = YES;
				CLANG_WARN_SUSPICIOUS_MOVE = YES;
				CLANG_WARN_UNGUARDED_AVAILABILITY = YES_AGGRESSIVE;
				CLANG_WARN_UNREACHABLE_CODE = YES;
				CLANG_WARN__DUPLICATE_METHOD_MATCH = YES;
				COPY_PHASE_STRIP = NO;
				DEBUG_INFORMATION_FORMAT = "dwarf-with-dsym";
				ENABLE_NS_ASSERTIONS = NO;
				ENABLE_STRICT_OBJC_MSGSEND = YES;
				ENABLE_USER_SCRIPT_SANDBOXING = YES;
				GCC_C_LANGUAGE_STANDARD = gnu17;
				GCC_NO_COMMON_BLOCKS = YES;
				GCC_WARN_64_TO_32_BIT_CONVERSION = YES;
				GCC_WARN_ABOUT_RETURN_TYPE = YES_ERROR;
				GCC_WARN_UNDECLARED_SELECTOR = YES;
				GCC_WARN_UNINITIALIZED_AUTOS = YES_AGGRESSIVE;
				GCC_WARN_UNUSED_FUNCTION = YES;
				GCC_WARN_UNUSED_VARIABLE = YES;
				IPHONEOS_DEPLOYMENT_TARGET = 15.0;
				LOCALIZATION_PREFERS_STRING_CATALOGS = YES;
				MTL_ENABLE_DEBUG_INFO = NO;
				MTL_FAST_MATH = YES;
				SDKROOT = iphoneos;
				SWIFT_COMPILATION_MODE = wholemodule;
				VALIDATE_PRODUCT = YES;
			};
			name = Release;
		};
		1A00010C0000000000000001 /* Debug */ = {
			isa = XCBuildConfiguration;
			buildSettings = {
				ASSETCATALOG_COMPILER_APPICON_NAME = AppIcon;
				ASSETCATALOG_COMPILER_GLOBAL_ACCENT_COLOR_NAME = AccentColor;
				ASSETCATALOG_COMPILER_INCLUDE_ALL_APPICON_ASSETS = YES;
				CODE_SIGN_STYLE = Automatic;
				CURRENT_PROJECT_VERSION = 1;
				DEVELOPMENT_ASSET_PATHS = "\"ModernToDoApp/Preview Content\"";
				DEVELOPMENT_TEAM = DKGF9239FT;
				ENABLE_PREVIEWS = YES;
				GENERATE_INFOPLIST_FILE = YES;
				INFOPLIST_KEY_UIApplicationSupportsIndirectInputEvents = YES;
				INFOPLIST_KEY_UILaunchScreen_Generation = YES;
				INFOPLIST_KEY_UISupportedInterfaceOrientations = "UIInterfaceOrientationLandscapeLeft UIInterfaceOrientationLandscapeRight UIInterfaceOrientationPortrait";
				INFOPLIST_KEY_UISupportedInterfaceOrientations_iPad = "UIInterfaceOrientationLandscapeLeft UIInterfaceOrientationLandscapeRight UIInterfaceOrientationPortrait UIInterfaceOrientationPortraitUpsideDown";
				IPHONEOS_DEPLOYMENT_TARGET = 17.6;
				LD_RUNPATH_SEARCH_PATHS = (
					"$(inherited)",
					"@executable_path/Frameworks",
				);
				MARKETING_VERSION = 1.0;
				PRODUCT_BUNDLE_IDENTIFIER = com.moderntodoapp.ModernToDoApp;
				PRODUCT_NAME = "$(TARGET_NAME)";
				SWIFT_EMIT_LOC_STRINGS = YES;
				SWIFT_VERSION = 5.0;
				TARGETED_DEVICE_FAMILY = "1,2";
			};
			name = Debug;
		};
		1A00010D0000000000000001 /* Release */ = {
			isa = XCBuildConfiguration;
			buildSettings = {
				ASSETCATALOG_COMPILER_APPICON_NAME = AppIcon;
				ASSETCATALOG_COMPILER_GLOBAL_ACCENT_COLOR_NAME = AccentColor;
				ASSETCATALOG_COMPILER_INCLUDE_ALL_APPICON_ASSETS = YES;
				CODE_SIGN_STYLE = Automatic;
				CURRENT_PROJECT_VERSION = 1;
				DEVELOPMENT_ASSET_PATHS = "\"ModernToDoApp/Preview Content\"";
				DEVELOPMENT_TEAM = DKGF9239FT;
				ENABLE_PREVIEWS = YES;
				GENERATE_INFOPLIST_FILE = YES;
				INFOPLIST_KEY_UIApplicationSupportsIndirectInputEvents = YES;
				INFOPLIST_KEY_UILaunchScreen_Generation = YES;
				INFOPLIST_KEY_UISupportedInterfaceOrientations = "UIInterfaceOrientationLandscapeLeft UIInterfaceOrientationLandscapeRight UIInterfaceOrientationPortrait";
				INFOPLIST_KEY_UISupportedInterfaceOrientations_iPad = "UIInterfaceOrientationLandscapeLeft UIInterfaceOrientationLandscapeRight UIInterfaceOrientationPortrait UIInterfaceOrientationPortraitUpsideDown";
				IPHONEOS_DEPLOYMENT_TARGET = 17.6;
				LD_RUNPATH_SEARCH_PATHS = (
					"$(inherited)",
					"@executable_path/Frameworks",
				);
				MARKETING_VERSION = 1.0;
				PRODUCT_BUNDLE_IDENTIFIER = com.moderntodoapp.ModernToDoApp;
				PRODUCT_NAME = "$(TARGET_NAME)";
				SWIFT_EMIT_LOC_STRINGS = YES;
				SWIFT_VERSION = 5.0;
				TARGETED_DEVICE_FAMILY = "1,2";
			};
			name = Release;
		};
/* End XCBuildConfiguration section */

/* Begin XCConfigurationList section */
		1A0000F80000000000000001 /* Build configuration list for PBXProject "ModernToDoApp" */ = {
			isa = XCConfigurationList;
			buildConfigurations = (
				1A0001090000000000000001 /* Debug */,
				1A00010A0000000000000001 /* Release */,
			);
			defaultConfigurationIsVisible = 0;
			defaultConfigurationName = Release;
		};
		1A00010B0000000000000001 /* Build configuration list for PBXNativeTarget "ModernToDoApp" */ = {
			isa = XCConfigurationList;
			buildConfigurations = (
				1A00010C0000000000000001 /* Debug */,
				1A00010D0000000000000001 /* Release */,
			);
			defaultConfigurationIsVisible = 0;
			defaultConfigurationName = Release;
		};
/* End XCConfigurationList section */

/* Begin XCVersionGroup section */
		1A000111000000000000001 /* TaskModel.xcdatamodeld */ = {
			isa = XCVersionGroup;
			children = (
				1A000112000000000000001 /* TaskModel.xcdatamodel */,
			);
			currentVersion = 1A000112000000000000001 /* TaskModel.xcdatamodel */;
			path = TaskModel.xcdatamodeld;
			sourceTree = "<group>";
			versionGroupType = wrapper.xcdatamodel;
		};
/* End XCVersionGroup section */
	};
	rootObject = 1A0000F50000000000000001 /* Project object */;
}
